
Microsoft Visual Studio Solution File, Format Version 12.00
# Visual Studio Version 17
VisualStudioVersion = 17.5.33424.131
MinimumVisualStudioVersion = 10.0.40219.1
Project("{FAE04EC0-301F-11D3-BF4B-00C04F79EFBC}") = "ProyectoDeAula2CodigoLimpio_Test", "..\ProyectoDeAula2CodigoLimpio_Test\ProyectoDeAula2CodigoLimpio_Test.csproj", "{05C18BC5-94FC-4B46-AD2B-034851956388}"
EndProject
Global
	GlobalSection(SolutionConfigurationPlatforms) = preSolution
		Debug|Any CPU = Debug|Any CPU
		Release|Any CPU = Release|Any CPU
	EndGlobalSection
	GlobalSection(ProjectConfigurationPlatforms) = postSolution
		{05C18BC5-94FC-4B46-AD2B-034851956388}.Debug|Any CPU.ActiveCfg = Debug|Any CPU
		{05C18BC5-94FC-4B46-AD2B-034851956388}.Debug|Any CPU.Build.0 = Debug|Any CPU
		{05C18BC5-94FC-4B46-AD2B-034851956388}.Release|Any CPU.ActiveCfg = Release|Any CPU
		{05C18BC5-94FC-4B46-AD2B-034851956388}.Release|Any CPU.Build.0 = Release|Any CPU
	EndGlobalSection
	GlobalSection(SolutionProperties) = preSolution
		HideSolutionNode = FALSE
	EndGlobalSection
	GlobalSection(ExtensibilityGlobals) = postSolution
		SolutionGuid = {7630E2A2-9323-4D4C-A36F-F53872D20A9A}
	EndGlobalSection
EndGlobal
